
Microsoft Visual Studio Solution File, Format Version 12.00
# Visual Studio Version 16
VisualStudioVersion = 16.0.31702.278
MinimumVisualStudioVersion = 10.0.40219.1
Project("{FAE04EC0-301F-11D3-BF4B-00C04F79EFBC}") = "AplicacionCabañas_SantiagoSancer", "AplicacionCabañas_SantiagoSancer\AplicacionCabañas_SantiagoSancer.csproj", "{8D90D713-ED41-4747-A2C4-E68119AC1383}"
EndProject
Global
	GlobalSection(SolutionConfigurationPlatforms) = preSolution
		Debug|Any CPU = Debug|Any CPU
		Release|Any CPU = Release|Any CPU
	EndGlobalSection
	GlobalSection(ProjectConfigurationPlatforms) = postSolution
		{8D90D713-ED41-4747-A2C4-E68119AC1383}.Debug|Any CPU.ActiveCfg = Debug|Any CPU
		{8D90D713-ED41-4747-A2C4-E68119AC1383}.Debug|Any CPU.Build.0 = Debug|Any CPU
		{8D90D713-ED41-4747-A2C4-E68119AC1383}.Release|Any CPU.ActiveCfg = Release|Any CPU
		{8D90D713-ED41-4747-A2C4-E68119AC1383}.Release|Any CPU.Build.0 = Release|Any CPU
	EndGlobalSection
	GlobalSection(SolutionProperties) = preSolution
		HideSolutionNode = FALSE
	EndGlobalSection
	GlobalSection(ExtensibilityGlobals) = postSolution
		SolutionGuid = {0C25EC68-6AB5-4BED-A113-C44D6775692A}
	EndGlobalSection
EndGlobal
